<?xml version="1.0" encoding="utf-8"?>
<Project ToolsVersion="4.0" xmlns="http://schemas.microsoft.com/developer/msbuild/2003">
  <ItemGroup>
    <Filter Include="Source Files">
      <UniqueIdentifier>{4FC737F1-C7A5-4376-A066-2A32D752A2FF}</UniqueIdentifier>
      <Extensions>cpp;c;cc;cxx;def;odl;idl;hpj;bat;asm;asmx</Extensions>
    </Filter>
    <Filter Include="Header Files">
      <UniqueIdentifier>{93995380-89BD-4b04-88EB-625FBE52EBFB}</UniqueIdentifier>
      <Extensions>h;hh;hpp;hxx;hm;inl;inc;ipp;xsd</Extensions>
    </Filter>
    <Filter Include="Resource Files">
      <UniqueIdentifier>{67DA6AB6-F800-4c08-8B7A-83BB121AAD01}</UniqueIdentifier>
      <Extensions>rc;ico;cur;bmp;dlg;rc2;rct;bin;rgs;gif;jpg;jpeg;jpe;resx;tiff;tif;png;wav;mfcribbon-ms</Extensions>
    </Filter>
    <Filter Include="HLSL">
      <UniqueIdentifier>{a3edbb32-ba79-4a48-ad59-686d7029c97c}</UniqueIdentifier>
    </Filter>
    <Filter Include="Source Files\Common">
      <UniqueIdentifier>{ad2cbc10-cf22-4044-8ae1-bca76ea2cdef}</UniqueIdentifier>
    </Filter>
    <Filter Include="Source Files\Engine">
      <UniqueIdentifier>{234f3828-2641-402a-b48d-882bcd05952c}</UniqueIdentifier>
    </Filter>
    <Filter Include="Source Files\Input">
      <UniqueIdentifier>{967a8eb6-aa4c-41b8-92d5-be2e3ddf5301}</UniqueIdentifier>
    </Filter>
    <Filter Include="Source Files\Engine\Effect">
      <UniqueIdentifier>{6381dfe7-3563-47cd-a710-4326e692ba0a}</UniqueIdentifier>
    </Filter>
    <Filter Include="Source Files\GameWorld">
      <UniqueIdentifier>{eb5a01c5-e088-4b6b-a92b-45842cc6e2ba}</UniqueIdentifier>
    </Filter>
  </ItemGroup>
  <ItemGroup>
    <ClCompile Include="WICTextureLoader.cpp">
      <Filter>Source Files\Common</Filter>
    </ClCompile>
    <ClCompile Include="DDSTextureLoader.cpp">
      <Filter>Source Files\Common</Filter>
    </ClCompile>
    <ClCompile Include="BasicEffect.cpp">
      <Filter>Source Files\Engine\Effect</Filter>
    </ClCompile>
    <ClCompile Include="d3dUtil.cpp">
      <Filter>Source Files\Common</Filter>
    </ClCompile>
    <ClCompile Include="Mouse.cpp">
      <Filter>Source Files\Input</Filter>
    </ClCompile>
    <ClCompile Include="Keyboard.cpp">
      <Filter>Source Files\Input</Filter>
    </ClCompile>
    <ClCompile Include="d3dApp.cpp">
      <Filter>Source Files\Engine</Filter>
    </ClCompile>
    <ClCompile Include="RenderStates.cpp">
      <Filter>Source Files\Engine</Filter>
    </ClCompile>
    <ClCompile Include="ObjReader.cpp">
      <Filter>Source Files\Common</Filter>
    </ClCompile>
    <ClCompile Include="GameObject.cpp">
      <Filter>Source Files\GameWorld</Filter>
    </ClCompile>
    <ClCompile Include="GameApp.cpp">
      <Filter>Source Files\GameWorld</Filter>
    </ClCompile>
    <ClCompile Include="GameTimer.cpp">
      <Filter>Source Files\Common</Filter>
    </ClCompile>
    <ClCompile Include="DXTrace.cpp">
      <Filter>Source Files\Common</Filter>
    </ClCompile>
    <ClCompile Include="Transform.cpp">
      <Filter>Source Files\GameWorld</Filter>
    </ClCompile>
    <ClCompile Include="Model.cpp">
      <Filter>Source Files\GameWorld</Filter>
    </ClCompile>
    <ClCompile Include="Main.cpp">
      <Filter>Source Files\GameWorld</Filter>
    </ClCompile>
    <ClCompile Include="Camera.cpp">
      <Filter>Source Files\GameWorld</Filter>
    </ClCompile>
    <ClCompile Include="InputLayout.cpp">
      <Filter>Source Files\Engine</Filter>
    </ClCompile>
    <ClCompile Include="RenderSystem.cpp">
      <Filter>Source Files\GameWorld</Filter>
    </ClCompile>
    <ClCompile Include="Components.cpp">
      <Filter>Source Files\GameWorld</Filter>
    </ClCompile>
    <ClCompile Include="SkyEffect.cpp">
      <Filter>Source Files\Engine\Effect</Filter>
    </ClCompile>
    <ClCompile Include="SkyRender.cpp">
      <Filter>Source Files\Engine\Effect</Filter>
    </ClCompile>
    <ClCompile Include="Tank.cpp">
      <Filter>Source Files\GameWorld</Filter>
    </ClCompile>
    <ClCompile Include="Bullet.cpp">
      <Filter>Source Files\GameWorld</Filter>
    </ClCompile>
    <ClCompile Include="AITank.cpp">
      <Filter>Source Files\GameWorld</Filter>
    </ClCompile>
    <ClCompile Include="BulletSystem.cpp">
      <Filter>Source Files\GameWorld</Filter>
    </ClCompile>
    <ClCompile Include="CollisionSystem.cpp">
      <Filter>Source Files\GameWorld</Filter>
    </ClCompile>
    <ClCompile Include="PlayController.cpp">
      <Filter>Source Files\GameWorld</Filter>
    </ClCompile>
    <ClCompile Include="State.cpp">
      <Filter>Source Files\GameWorld</Filter>
    </ClCompile>
  </ItemGroup>
  <ItemGroup>
    <ClInclude Include="Camera.h">
      <Filter>Header Files</Filter>
    </ClInclude>
    <ClInclude Include="d3dApp.h">
      <Filter>Header Files</Filter>
    </ClInclude>
    <ClInclude Include="d3dUtil.h">
      <Filter>Header Files</Filter>
    </ClInclude>
    <ClInclude Include="DDSTextureLoader.h">
      <Filter>Header Files</Filter>
    </ClInclude>
    <ClInclude Include="DXTrace.h">
      <Filter>Header Files</Filter>
    </ClInclude>
    <ClInclude Include="GameApp.h">
      <Filter>Header Files</Filter>
    </ClInclude>
    <ClInclude Include="GameObject.h">
      <Filter>Header Files</Filter>
    </ClInclude>
    <ClInclude Include="GameTimer.h">
      <Filter>Header Files</Filter>
    </ClInclude>
    <ClInclude Include="Geometry.h">
      <Filter>Header Files</Filter>
    </ClInclude>
    <ClInclude Include="Keyboard.h">
      <Filter>Header Files</Filter>
    </ClInclude>
    <ClInclude Include="LightHelper.h">
      <Filter>Header Files</Filter>
    </ClInclude>
    <ClInclude Include="Model.h">
      <Filter>Header Files</Filter>
    </ClInclude>
    <ClInclude Include="Mouse.h">
      <Filter>Header Files</Filter>
    </ClInclude>
    <ClInclude Include="ObjReader.h">
      <Filter>Header Files</Filter>
    </ClInclude>
    <ClInclude Include="RenderStates.h">
      <Filter>Header Files</Filter>
    </ClInclude>
    <ClInclude Include="Transform.h">
      <Filter>Header Files</Filter>
    </ClInclude>
    <ClInclude Include="WICTextureLoader.h">
      <Filter>Header Files</Filter>
    </ClInclude>
    <ClInclude Include="Effects.h">
      <Filter>Source Files\Engine\Effect</Filter>
    </ClInclude>
    <ClInclude Include="EffectHelper.h">
      <Filter>Source Files\Engine\Effect</Filter>
    </ClInclude>
    <ClInclude Include="InputLayout.h">
      <Filter>Header Files</Filter>
    </ClInclude>
    <ClInclude Include="Components.h">
      <Filter>Header Files</Filter>
    </ClInclude>
    <ClInclude Include="ECS.h">
      <Filter>Header Files</Filter>
    </ClInclude>
    <ClInclude Include="RenderSystem.h">
      <Filter>Header Files</Filter>
    </ClInclude>
    <ClInclude Include="Tank.h">
      <Filter>Header Files</Filter>
    </ClInclude>
    <ClInclude Include="SkyRender.h">
      <Filter>Header Files</Filter>
    </ClInclude>
    <ClInclude Include="AITank.h">
      <Filter>Header Files</Filter>
    </ClInclude>
    <ClInclude Include="Bullet.h">
      <Filter>Header Files</Filter>
    </ClInclude>
    <ClInclude Include="BulletSystem.h">
      <Filter>Header Files</Filter>
    </ClInclude>
    <ClInclude Include="UI.h">
      <Filter>Header Files</Filter>
    </ClInclude>
    <ClInclude Include="PlayController.h">
      <Filter>Header Files</Filter>
    </ClInclude>
    <ClInclude Include="CollisionSystem.h">
      <Filter>Header Files</Filter>
    </ClInclude>
    <ClInclude Include="State.h">
      <Filter>Header Files</Filter>
    </ClInclude>
  </ItemGroup>
  <ItemGroup>
    <Text Include="CMakeLists.txt" />
  </ItemGroup>
  <ItemGroup>
    <None Include="HLSL\Basic.hlsli">
      <Filter>HLSL</Filter>
    </None>
    <None Include="HLSL\LightHelper.hlsli">
      <Filter>HLSL</Filter>
    </None>
    <None Include="HLSL\Sky.hlsli">
      <Filter>HLSL</Filter>
    </None>
  </ItemGroup>
  <ItemGroup>
    <FxCompile Include="HLSL\Basic_PS.hlsl">
      <Filter>HLSL</Filter>
    </FxCompile>
    <FxCompile Include="HLSL\Basic_VS.hlsl">
      <Filter>HLSL</Filter>
    </FxCompile>
    <FxCompile Include="HLSL\Sky_PS.hlsl">
      <Filter>HLSL</Filter>
    </FxCompile>
    <FxCompile Include="HLSL\Sky_VS.hlsl">
      <Filter>HLSL</Filter>
    </FxCompile>
    <FxCompile Include="HLSL\BasicInstance_VS.hlsl">
      <Filter>HLSL</Filter>
    </FxCompile>
  </ItemGroup>
</Project>